
Microsoft Visual Studio Solution File, Format Version 12.00
# Visual Studio Version 17
VisualStudioVersion = 17.14.36429.23 d17.14
MinimumVisualStudioVersion = 10.0.40219.1
Project("{2150E333-8FDC-42A3-9474-1A3956D46DE8}") = "BL", "BL", "{02EA681E-C7D8-13C7-8484-4AC65E1B71E8}"
EndProject
Project("{2150E333-8FDC-42A3-9474-1A3956D46DE8}") = "DAL", "DAL", "{D98B16C9-F3D4-47AA-B22E-9F3A4DCB56C0}"
EndProject
Project("{2150E333-8FDC-42A3-9474-1A3956D46DE8}") = "PL", "PL", "{C597F164-ED69-4747-9F60-8CB3EF8D809D}"
EndProject
Project("{FAE04EC0-301F-11D3-BF4B-00C04F79EFBC}") = "BussinessLayerService", "BussinessLayerService\BussinessLayerService.csproj", "{C735513B-6968-46E5-8168-9E8488ABCFA6}"
EndProject
Project("{FAE04EC0-301F-11D3-BF4B-00C04F79EFBC}") = "DataAccessLayerService", "DataAccessLayerService\DataAccessLayerService.csproj", "{B15BE9B8-6762-4270-80A5-5F9EC02DF64C}"
EndProject
Project("{FAE04EC0-301F-11D3-BF4B-00C04F79EFBC}") = "AspDotCoreWebApi3Tier", "AspDotCoreWebApi3Tier\AspDotCoreWebApi3Tier.csproj", "{2FDB973A-EF71-484E-8EDB-2F286047F1C8}"
EndProject
Global
	GlobalSection(SolutionConfigurationPlatforms) = preSolution
		Debug|Any CPU = Debug|Any CPU
		Release|Any CPU = Release|Any CPU
	EndGlobalSection
	GlobalSection(ProjectConfigurationPlatforms) = postSolution
		{C735513B-6968-46E5-8168-9E8488ABCFA6}.Debug|Any CPU.ActiveCfg = Debug|Any CPU
		{C735513B-6968-46E5-8168-9E8488ABCFA6}.Debug|Any CPU.Build.0 = Debug|Any CPU
		{C735513B-6968-46E5-8168-9E8488ABCFA6}.Release|Any CPU.ActiveCfg = Release|Any CPU
		{C735513B-6968-46E5-8168-9E8488ABCFA6}.Release|Any CPU.Build.0 = Release|Any CPU
		{B15BE9B8-6762-4270-80A5-5F9EC02DF64C}.Debug|Any CPU.ActiveCfg = Debug|Any CPU
		{B15BE9B8-6762-4270-80A5-5F9EC02DF64C}.Debug|Any CPU.Build.0 = Debug|Any CPU
		{B15BE9B8-6762-4270-80A5-5F9EC02DF64C}.Release|Any CPU.ActiveCfg = Release|Any CPU
		{B15BE9B8-6762-4270-80A5-5F9EC02DF64C}.Release|Any CPU.Build.0 = Release|Any CPU
		{2FDB973A-EF71-484E-8EDB-2F286047F1C8}.Debug|Any CPU.ActiveCfg = Debug|Any CPU
		{2FDB973A-EF71-484E-8EDB-2F286047F1C8}.Debug|Any CPU.Build.0 = Debug|Any CPU
		{2FDB973A-EF71-484E-8EDB-2F286047F1C8}.Release|Any CPU.ActiveCfg = Release|Any CPU
		{2FDB973A-EF71-484E-8EDB-2F286047F1C8}.Release|Any CPU.Build.0 = Release|Any CPU
	EndGlobalSection
	GlobalSection(SolutionProperties) = preSolution
		HideSolutionNode = FALSE
	EndGlobalSection
	GlobalSection(NestedProjects) = preSolution
		{C735513B-6968-46E5-8168-9E8488ABCFA6} = {02EA681E-C7D8-13C7-8484-4AC65E1B71E8}
		{B15BE9B8-6762-4270-80A5-5F9EC02DF64C} = {D98B16C9-F3D4-47AA-B22E-9F3A4DCB56C0}
		{2FDB973A-EF71-484E-8EDB-2F286047F1C8} = {C597F164-ED69-4747-9F60-8CB3EF8D809D}
	EndGlobalSection
	GlobalSection(ExtensibilityGlobals) = postSolution
		SolutionGuid = {DAA0B7CF-8353-4E31-831C-AC48C79318D3}
	EndGlobalSection
EndGlobal
